
Microsoft Visual Studio Solution File, Format Version 12.00
# Visual Studio Version 16
VisualStudioVersion = 16.0.28917.181
MinimumVisualStudioVersion = 10.0.40219.1
Project("{FAE04EC0-301F-11D3-BF4B-00C04F79EFBC}") = "StringLibrary", "StringLibrary\StringLibrary.csproj", "{2B3E1290-F4F7-4EAF-87CA-664CFD42C890}"
EndProject
Project("{FAE04EC0-301F-11D3-BF4B-00C04F79EFBC}") = "StringLibraryTest", "StringLibraryTest\StringLibraryTest.csproj", "{5788A2C3-2F4F-46BF-93D1-066CF53BA4C9}"
EndProject
Global
	GlobalSection(SolutionConfigurationPlatforms) = preSolution
		Debug|Any CPU = Debug|Any CPU
		Release|Any CPU = Release|Any CPU
	EndGlobalSection
	GlobalSection(ProjectConfigurationPlatforms) = postSolution
		{2B3E1290-F4F7-4EAF-87CA-664CFD42C890}.Debug|Any CPU.ActiveCfg = Debug|Any CPU
		{2B3E1290-F4F7-4EAF-87CA-664CFD42C890}.Debug|Any CPU.Build.0 = Debug|Any CPU
		{2B3E1290-F4F7-4EAF-87CA-664CFD42C890}.Release|Any CPU.ActiveCfg = Release|Any CPU
		{2B3E1290-F4F7-4EAF-87CA-664CFD42C890}.Release|Any CPU.Build.0 = Release|Any CPU
		{5788A2C3-2F4F-46BF-93D1-066CF53BA4C9}.Debug|Any CPU.ActiveCfg = Debug|Any CPU
		{5788A2C3-2F4F-46BF-93D1-066CF53BA4C9}.Debug|Any CPU.Build.0 = Debug|Any CPU
		{5788A2C3-2F4F-46BF-93D1-066CF53BA4C9}.Release|Any CPU.ActiveCfg = Release|Any CPU
		{5788A2C3-2F4F-46BF-93D1-066CF53BA4C9}.Release|Any CPU.Build.0 = Release|Any CPU
	EndGlobalSection
	GlobalSection(SolutionProperties) = preSolution
		HideSolutionNode = FALSE
	EndGlobalSection
	GlobalSection(ExtensibilityGlobals) = postSolution
		SolutionGuid = {3B2CFC5D-4BF9-446B-ABAA-3A8F2E0F494D}
	EndGlobalSection
EndGlobal
